// !$*UTF8*$!
{
	archiveVersion = 1;
	classes = {
	};
	objectVersion = 51;
	objects = {

/* Begin PBXBuildFile section */
		5F387B6F0290E584C684F21C /* Pods_RemoteConfigTests.framework in Frameworks */ = {isa = PBXBuildFile; fileRef = 0BF440CDF934A251C2CB1AE8 /* Pods_RemoteConfigTests.framework */; };
		E9D29E68251F6F0100B5216C /* AppDelegate.swift in Sources */ = {isa = PBXBuildFile; fileRef = E9D29E67251F6F0100B5216C /* AppDelegate.swift */; };
		E9D29E6A251F6F0100B5216C /* SceneDelegate.swift in Sources */ = {isa = PBXBuildFile; fileRef = E9D29E69251F6F0100B5216C /* SceneDelegate.swift */; };
		E9D29E6C251F6F0100B5216C /* SecondViewController.swift in Sources */ = {isa = PBXBuildFile; fileRef = E9D29E6B251F6F0100B5216C /* SecondViewController.swift */; };
		E9D29E6F251F6F0100B5216C /* Main.storyboard in Resources */ = {isa = PBXBuildFile; fileRef = E9D29E6D251F6F0100B5216C /* Main.storyboard */; };
		E9D29E71251F6F0200B5216C /* Assets.xcassets in Resources */ = {isa = PBXBuildFile; fileRef = E9D29E70251F6F0200B5216C /* Assets.xcassets */; };
		E9D29E74251F6F0200B5216C /* LaunchScreen.storyboard in Resources */ = {isa = PBXBuildFile; fileRef = E9D29E72251F6F0200B5216C /* LaunchScreen.storyboard */; };
		E9D29E8A251F6F7E00B5216C /* GoogleService-Info.plist in Resources */ = {isa = PBXBuildFile; fileRef = E9D29E89251F6F7E00B5216C /* GoogleService-Info.plist */; };
		E9E8EEFE2529055A00D1EE79 /* FirstViewController.swift in Sources */ = {isa = PBXBuildFile; fileRef = E9E8EEFD2529055A00D1EE79 /* FirstViewController.swift */; };
		E9E8EF022529136100D1EE79 /* RCValues.swift in Sources */ = {isa = PBXBuildFile; fileRef = E9E8EF012529136100D1EE79 /* RCValues.swift */; };
/* End PBXBuildFile section */

/* Begin PBXFileReference section */
		0BF440CDF934A251C2CB1AE8 /* Pods_RemoteConfigTests.framework */ = {isa = PBXFileReference; explicitFileType = wrapper.framework; includeInIndex = 0; path = Pods_RemoteConfigTests.framework; sourceTree = BUILT_PRODUCTS_DIR; };
		6301784902EE0A8E4EA8CDBC /* Pods-RemoteConfigTests.debug.xcconfig */ = {isa = PBXFileReference; includeInIndex = 1; lastKnownFileType = text.xcconfig; name = "Pods-RemoteConfigTests.debug.xcconfig"; path = "Target Support Files/Pods-RemoteConfigTests/Pods-RemoteConfigTests.debug.xcconfig"; sourceTree = "<group>"; };
		C3A08FD0C5F93159EF0A6BFC /* Pods-RemoteConfigTests.release.xcconfig */ = {isa = PBXFileReference; includeInIndex = 1; lastKnownFileType = text.xcconfig; name = "Pods-RemoteConfigTests.release.xcconfig"; path = "Target Support Files/Pods-RemoteConfigTests/Pods-RemoteConfigTests.release.xcconfig"; sourceTree = "<group>"; };
		E9D29E64251F6F0100B5216C /* RemoteConfigTests.app */ = {isa = PBXFileReference; explicitFileType = wrapper.application; includeInIndex = 0; path = RemoteConfigTests.app; sourceTree = BUILT_PRODUCTS_DIR; };
		E9D29E67251F6F0100B5216C /* AppDelegate.swift */ = {isa = PBXFileReference; lastKnownFileType = sourcecode.swift; path = AppDelegate.swift; sourceTree = "<group>"; };
		E9D29E69251F6F0100B5216C /* SceneDelegate.swift */ = {isa = PBXFileReference; lastKnownFileType = sourcecode.swift; path = SceneDelegate.swift; sourceTree = "<group>"; };
		E9D29E6B251F6F0100B5216C /* SecondViewController.swift */ = {isa = PBXFileReference; lastKnownFileType = sourcecode.swift; path = SecondViewController.swift; sourceTree = "<group>"; };
		E9D29E6E251F6F0100B5216C /* Base */ = {isa = PBXFileReference; lastKnownFileType = file.storyboard; name = Base; path = Base.lproj/Main.storyboard; sourceTree = "<group>"; };
		E9D29E70251F6F0200B5216C /* Assets.xcassets */ = {isa = PBXFileReference; lastKnownFileType = folder.assetcatalog; path = Assets.xcassets; sourceTree = "<group>"; };
		E9D29E73251F6F0200B5216C /* Base */ = {isa = PBXFileReference; lastKnownFileType = file.storyboard; name = Base; path = Base.lproj/LaunchScreen.storyboard; sourceTree = "<group>"; };
		E9D29E75251F6F0200B5216C /* Info.plist */ = {isa = PBXFileReference; lastKnownFileType = text.plist.xml; path = Info.plist; sourceTree = "<group>"; };
		E9D29E89251F6F7E00B5216C /* GoogleService-Info.plist */ = {isa = PBXFileReference; fileEncoding = 4; lastKnownFileType = text.plist.xml; path = "GoogleService-Info.plist"; sourceTree = "<group>"; };
		E9E8EEFD2529055A00D1EE79 /* FirstViewController.swift */ = {isa = PBXFileReference; lastKnownFileType = sourcecode.swift; path = FirstViewController.swift; sourceTree = "<group>"; };
		E9E8EF012529136100D1EE79 /* RCValues.swift */ = {isa = PBXFileReference; lastKnownFileType = sourcecode.swift; path = RCValues.swift; sourceTree = "<group>"; };
/* End PBXFileReference section */

/* Begin PBXFrameworksBuildPhase section */
		E9D29E61251F6F0100B5216C /* Frameworks */ = {
			isa = PBXFrameworksBuildPhase;
			buildActionMask = 2147483647;
			files = (
				5F387B6F0290E584C684F21C /* Pods_RemoteConfigTests.framework in Frameworks */,
			);
			runOnlyForDeploymentPostprocessing = 0;
		};
/* End PBXFrameworksBuildPhase section */

/* Begin PBXGroup section */
		3AB5E7A0DEDB2F98DA659141 /* Frameworks */ = {
			isa = PBXGroup;
			children = (
				0BF440CDF934A251C2CB1AE8 /* Pods_RemoteConfigTests.framework */,
			);
			name = Frameworks;
			sourceTree = "<group>";
		};
		9970C80701C9CDBA0AD3145A /* Pods */ = {
			isa = PBXGroup;
			children = (
				6301784902EE0A8E4EA8CDBC /* Pods-RemoteConfigTests.debug.xcconfig */,
				C3A08FD0C5F93159EF0A6BFC /* Pods-RemoteConfigTests.release.xcconfig */,
			);
			path = Pods;
			sourceTree = "<group>";
		};
		E9D29E5B251F6F0100B5216C = {
			isa = PBXGroup;
			children = (
				E9D29E66251F6F0100B5216C /* RemoteConfigTests */,
				E9D29E65251F6F0100B5216C /* Products */,
				9970C80701C9CDBA0AD3145A /* Pods */,
				3AB5E7A0DEDB2F98DA659141 /* Frameworks */,
			);
			sourceTree = "<group>";
		};
		E9D29E65251F6F0100B5216C /* Products */ = {
			isa = PBXGroup;
			children = (
				E9D29E64251F6F0100B5216C /* RemoteConfigTests.app */,
			);
			name = Products;
			sourceTree = "<group>";
		};
		E9D29E66251F6F0100B5216C /* RemoteConfigTests */ = {
			isa = PBXGroup;
			children = (
				E9D29E67251F6F0100B5216C /* AppDelegate.swift */,
				E9D29E69251F6F0100B5216C /* SceneDelegate.swift */,
				E9D29E6B251F6F0100B5216C /* SecondViewController.swift */,
				E9D29E6D251F6F0100B5216C /* Main.storyboard */,
				E9E8EEFD2529055A00D1EE79 /* FirstViewController.swift */,
				E9D29E70251F6F0200B5216C /* Assets.xcassets */,
				E9D29E72251F6F0200B5216C /* LaunchScreen.storyboard */,
				E9D29E89251F6F7E00B5216C /* GoogleService-Info.plist */,
				E9D29E75251F6F0200B5216C /* Info.plist */,
				E9E8EF012529136100D1EE79 /* RCValues.swift */,
			);
			path = RemoteConfigTests;
			sourceTree = "<group>";
		};
/* End PBXGroup section */

/* Begin PBXNativeTarget section */
		E9D29E63251F6F0100B5216C /* RemoteConfigTests */ = {
			isa = PBXNativeTarget;
			buildConfigurationList = E9D29E78251F6F0200B5216C /* Build configuration list for PBXNativeTarget "RemoteConfigTests" */;
			buildPhases = (
				9FFDDC0450B2C41D88106694 /* [CP] Check Pods Manifest.lock */,
				E9D29E60251F6F0100B5216C /* Sources */,
				E9D29E61251F6F0100B5216C /* Frameworks */,
				E9D29E62251F6F0100B5216C /* Resources */,
				6A3D0BB6EC528473E3F1585F /* [CP] Embed Pods Frameworks */,
			);
			buildRules = (
			);
			dependencies = (
			);
			name = RemoteConfigTests;
			productName = RemoteConfigTests;
			productReference = E9D29E64251F6F0100B5216C /* RemoteConfigTests.app */;
			productType = "com.apple.product-type.application";
		};
/* End PBXNativeTarget section */

/* Begin PBXProject section */
		E9D29E5C251F6F0100B5216C /* Project object */ = {
			isa = PBXProject;
			attributes = {
				LastSwiftUpdateCheck = 1200;
				LastUpgradeCheck = 1200;
				TargetAttributes = {
					E9D29E63251F6F0100B5216C = {
						CreatedOnToolsVersion = 12.0;
					};
				};
			};
			buildConfigurationList = E9D29E5F251F6F0100B5216C /* Build configuration list for PBXProject "RemoteConfigTests" */;
			compatibilityVersion = "Xcode 9.3";
			developmentRegion = en;
			hasScannedForEncodings = 0;
			knownRegions = (
				en,
				Base,
			);
			mainGroup = E9D29E5B251F6F0100B5216C;
			productRefGroup = E9D29E65251F6F0100B5216C /* Products */;
			projectDirPath = "";
			projectRoot = "";
			targets = (
				E9D29E63251F6F0100B5216C /* RemoteConfigTests */,
			);
		};
/* End PBXProject section */

/* Begin PBXResourcesBuildPhase section */
		E9D29E62251F6F0100B5216C /* Resources */ = {
			isa = PBXResourcesBuildPhase;
			buildActionMask = 2147483647;
			files = (
				E9D29E74251F6F0200B5216C /* LaunchScreen.storyboard in Resources */,
				E9D29E8A251F6F7E00B5216C /* GoogleService-Info.plist in Resources */,
				E9D29E71251F6F0200B5216C /* Assets.xcassets in Resources */,
				E9D29E6F251F6F0100B5216C /* Main.storyboard in Resources */,
			);
			runOnlyForDeploymentPostprocessing = 0;
		};
/* End PBXResourcesBuildPhase section */

/* Begin PBXShellScriptBuildPhase section */
		6A3D0BB6EC528473E3F1585F /* [CP] Embed Pods Frameworks */ = {
			isa = PBXShellScriptBuildPhase;
			buildActionMask = 2147483647;
			files = (
			);
			inputFileListPaths = (
				"${PODS_ROOT}/Target Support Files/Pods-RemoteConfigTests/Pods-RemoteConfigTests-frameworks-${CONFIGURATION}-input-files.xcfilelist",
			);
			name = "[CP] Embed Pods Frameworks";
			outputFileListPaths = (
				"${PODS_ROOT}/Target Support Files/Pods-RemoteConfigTests/Pods-RemoteConfigTests-frameworks-${CONFIGURATION}-output-files.xcfilelist",
			);
			runOnlyForDeploymentPostprocessing = 0;
			shellPath = /bin/sh;
			shellScript = "\"${PODS_ROOT}/Target Support Files/Pods-RemoteConfigTests/Pods-RemoteConfigTests-frameworks.sh\"\n";
			showEnvVarsInLog = 0;
		};
		9FFDDC0450B2C41D88106694 /* [CP] Check Pods Manifest.lock */ = {
			isa = PBXShellScriptBuildPhase;
			buildActionMask = 2147483647;
			files = (
			);
			inputFileListPaths = (
			);
			inputPaths = (
				"${PODS_PODFILE_DIR_PATH}/Podfile.lock",
				"${PODS_ROOT}/Manifest.lock",
			);
			name = "[CP] Check Pods Manifest.lock";
			outputFileListPaths = (
			);
			outputPaths = (
				"$(DERIVED_FILE_DIR)/Pods-RemoteConfigTests-checkManifestLockResult.txt",
			);
			runOnlyForDeploymentPostprocessing = 0;
			shellPath = /bin/sh;
			shellScript = "diff \"${PODS_PODFILE_DIR_PATH}/Podfile.lock\" \"${PODS_ROOT}/Manifest.lock\" > /dev/null\nif [ $? != 0 ] ; then\n    # print error to STDERR\n    echo \"error: The sandbox is not in sync with the Podfile.lock. Run 'pod install' or update your CocoaPods installation.\" >&2\n    exit 1\nfi\n# This output is used by Xcode 'outputs' to avoid re-running this script phase.\necho \"SUCCESS\" > \"${SCRIPT_OUTPUT_FILE_0}\"\n";
			showEnvVarsInLog = 0;
		};
/* End PBXShellScriptBuildPhase section */

/* Begin PBXSourcesBuildPhase section */
		E9D29E60251F6F0100B5216C /* Sources */ = {
			isa = PBXSourcesBuildPhase;
			buildActionMask = 2147483647;
			files = (
				E9D29E6C251F6F0100B5216C /* SecondViewController.swift in Sources */,
				E9E8EF022529136100D1EE79 /* RCValues.swift in Sources */,
				E9D29E68251F6F0100B5216C /* AppDelegate.swift in Sources */,
				E9D29E6A251F6F0100B5216C /* SceneDelegate.swift in Sources */,
				E9E8EEFE2529055A00D1EE79 /* FirstViewController.swift in Sources */,
			);
			runOnlyForDeploymentPostprocessing = 0;
		};
/* End PBXSourcesBuildPhase section */

/* Begin PBXVariantGroup section */
		E9D29E6D251F6F0100B5216C /* Main.storyboard */ = {
			isa = PBXVariantGroup;
			children = (
				E9D29E6E251F6F0100B5216C /* Base */,
			);
			name = Main.storyboard;
			sourceTree = "<group>";
		};
		E9D29E72251F6F0200B5216C /* LaunchScreen.storyboard */ = {
			isa = PBXVariantGroup;
			children = (
				E9D29E73251F6F0200B5216C /* Base */,
			);
			name = LaunchScreen.storyboard;
			sourceTree = "<group>";
		};
/* End PBXVariantGroup section */

/* Begin XCBuildConfiguration section */
		E9D29E76251F6F0200B5216C /* Debug */ = {
			isa = XCBuildConfiguration;
			buildSettings = {
				ALWAYS_SEARCH_USER_PATHS = NO;
				CLANG_ANALYZER_NONNULL = YES;
				CLANG_ANALYZER_NUMBER_OBJECT_CONVERSION = YES_AGGRESSIVE;
				CLANG_CXX_LANGUAGE_STANDARD = "gnu++14";
				CLANG_CXX_LIBRARY = "libc++";
				CLANG_ENABLE_MODULES = YES;
				CLANG_ENABLE_OBJC_ARC = YES;
				CLANG_ENABLE_OBJC_WEAK = YES;
				CLANG_WARN_BLOCK_CAPTURE_AUTORELEASING = YES;
				CLANG_WARN_BOOL_CONVERSION = YES;
				CLANG_WARN_COMMA = YES;
				CLANG_WARN_CONSTANT_CONVERSION = YES;
				CLANG_WARN_DEPRECATED_OBJC_IMPLEMENTATIONS = YES;
				CLANG_WARN_DIRECT_OBJC_ISA_USAGE = YES_ERROR;
				CLANG_WARN_DOCUMENTATION_COMMENTS = YES;
				CLANG_WARN_EMPTY_BODY = YES;
				CLANG_WARN_ENUM_CONVERSION = YES;
				CLANG_WARN_INFINITE_RECURSION = YES;
				CLANG_WARN_INT_CONVERSION = YES;
				CLANG_WARN_NON_LITERAL_NULL_CONVERSION = YES;
				CLANG_WARN_OBJC_IMPLICIT_RETAIN_SELF = YES;
				CLANG_WARN_OBJC_LITERAL_CONVERSION = YES;
				CLANG_WARN_OBJC_ROOT_CLASS = YES_ERROR;
				CLANG_WARN_QUOTED_INCLUDE_IN_FRAMEWORK_HEADER = YES;
				CLANG_WARN_RANGE_LOOP_ANALYSIS = YES;
				CLANG_WARN_STRICT_PROTOTYPES = YES;
				CLANG_WARN_SUSPICIOUS_MOVE = YES;
				CLANG_WARN_UNGUARDED_AVAILABILITY = YES_AGGRESSIVE;
				CLANG_WARN_UNREACHABLE_CODE = YES;
				CLANG_WARN__DUPLICATE_METHOD_MATCH = YES;
				COPY_PHASE_STRIP = NO;
				DEBUG_INFORMATION_FORMAT = dwarf;
				ENABLE_STRICT_OBJC_MSGSEND = YES;
				ENABLE_TESTABILITY = YES;
				GCC_C_LANGUAGE_STANDARD = gnu11;
				GCC_DYNAMIC_NO_PIC = NO;
				GCC_NO_COMMON_BLOCKS = YES;
				GCC_OPTIMIZATION_LEVEL = 0;
				GCC_PREPROCESSOR_DEFINITIONS = (
					"DEBUG=1",
					"$(inherited)",
				);
				GCC_WARN_64_TO_32_BIT_CONVERSION = YES;
				GCC_WARN_ABOUT_RETURN_TYPE = YES_ERROR;
				GCC_WARN_UNDECLARED_SELECTOR = YES;
				GCC_WARN_UNINITIALIZED_AUTOS = YES_AGGRESSIVE;
				GCC_WARN_UNUSED_FUNCTION = YES;
				GCC_WARN_UNUSED_VARIABLE = YES;
				IPHONEOS_DEPLOYMENT_TARGET = 14.0;
				MTL_ENABLE_DEBUG_INFO = INCLUDE_SOURCE;
				MTL_FAST_MATH = YES;
				ONLY_ACTIVE_ARCH = YES;
				SDKROOT = iphoneos;
				SWIFT_ACTIVE_COMPILATION_CONDITIONS = DEBUG;
				SWIFT_OPTIMIZATION_LEVEL = "-Onone";
			};
			name = Debug;
		};
		E9D29E77251F6F0200B5216C /* Release */ = {
			isa = XCBuildConfiguration;
			buildSettings = {
				ALWAYS_SEARCH_USER_PATHS = NO;
				CLANG_ANALYZER_NONNULL = YES;
				CLANG_ANALYZER_NUMBER_OBJECT_CONVERSION = YES_AGGRESSIVE;
				CLANG_CXX_LANGUAGE_STANDARD = "gnu++14";
				CLANG_CXX_LIBRARY = "libc++";
				CLANG_ENABLE_MODULES = YES;
				CLANG_ENABLE_OBJC_ARC = YES;
				CLANG_ENABLE_OBJC_WEAK = YES;
				CLANG_WARN_BLOCK_CAPTURE_AUTORELEASING = YES;
				CLANG_WARN_BOOL_CONVERSION = YES;
				CLANG_WARN_COMMA = YES;
				CLANG_WARN_CONSTANT_CONVERSION = YES;
				CLANG_WARN_DEPRECATED_OBJC_IMPLEMENTATIONS = YES;
				CLANG_WARN_DIRECT_OBJC_ISA_USAGE = YES_ERROR;
				CLANG_WARN_DOCUMENTATION_COMMENTS = YES;
				CLANG_WARN_EMPTY_BODY = YES;
				CLANG_WARN_ENUM_CONVERSION = YES;
				CLANG_WARN_INFINITE_RECURSION = YES;
				CLANG_WARN_INT_CONVERSION = YES;
				CLANG_WARN_NON_LITERAL_NULL_CONVERSION = YES;
				CLANG_WARN_OBJC_IMPLICIT_RETAIN_SELF = YES;
				CLANG_WARN_OBJC_LITERAL_CONVERSION = YES;
				CLANG_WARN_OBJC_ROOT_CLASS = YES_ERROR;
				CLANG_WARN_QUOTED_INCLUDE_IN_FRAMEWORK_HEADER = YES;
				CLANG_WARN_RANGE_LOOP_ANALYSIS = YES;
				CLANG_WARN_STRICT_PROTOTYPES = YES;
				CLANG_WARN_SUSPICIOUS_MOVE = YES;
				CLANG_WARN_UNGUARDED_AVAILABILITY = YES_AGGRESSIVE;
				CLANG_WARN_UNREACHABLE_CODE = YES;
				CLANG_WARN__DUPLICATE_METHOD_MATCH = YES;
				COPY_PHASE_STRIP = NO;
				DEBUG_INFORMATION_FORMAT = "dwarf-with-dsym";
				ENABLE_NS_ASSERTIONS = NO;
				ENABLE_STRICT_OBJC_MSGSEND = YES;
				GCC_C_LANGUAGE_STANDARD = gnu11;
				GCC_NO_COMMON_BLOCKS = YES;
				GCC_WARN_64_TO_32_BIT_CONVERSION = YES;
				GCC_WARN_ABOUT_RETURN_TYPE = YES_ERROR;
				GCC_WARN_UNDECLARED_SELECTOR = YES;
				GCC_WARN_UNINITIALIZED_AUTOS = YES_AGGRESSIVE;
				GCC_WARN_UNUSED_FUNCTION = YES;
				GCC_WARN_UNUSED_VARIABLE = YES;
				IPHONEOS_DEPLOYMENT_TARGET = 14.0;
				MTL_ENABLE_DEBUG_INFO = NO;
				MTL_FAST_MATH = YES;
				SDKROOT = iphoneos;
				SWIFT_COMPILATION_MODE = wholemodule;
				SWIFT_OPTIMIZATION_LEVEL = "-O";
				VALIDATE_PRODUCT = YES;
			};
			name = Release;
		};
		E9D29E79251F6F0200B5216C /* Debug */ = {
			isa = XCBuildConfiguration;
			baseConfigurationReference = 6301784902EE0A8E4EA8CDBC /* Pods-RemoteConfigTests.debug.xcconfig */;
			buildSettings = {
				ASSETCATALOG_COMPILER_APPICON_NAME = AppIcon;
				ASSETCATALOG_COMPILER_GLOBAL_ACCENT_COLOR_NAME = AccentColor;
				CODE_SIGN_STYLE = Automatic;
				INFOPLIST_FILE = RemoteConfigTests/Info.plist;
				LD_RUNPATH_SEARCH_PATHS = (
					"$(inherited)",
					"@executable_path/Frameworks",
				);
				PRODUCT_BUNDLE_IDENTIFIER = com.adatech.RemoteConfigTests;
				PRODUCT_NAME = "$(TARGET_NAME)";
				SWIFT_VERSION = 5.0;
				TARGETED_DEVICE_FAMILY = "1,2";
			};
			name = Debug;
		};
		E9D29E7A251F6F0200B5216C /* Release */ = {
			isa = XCBuildConfiguration;
			baseConfigurationReference = C3A08FD0C5F93159EF0A6BFC /* Pods-RemoteConfigTests.release.xcconfig */;
			buildSettings = {
				ASSETCATALOG_COMPILER_APPICON_NAME = AppIcon;
				ASSETCATALOG_COMPILER_GLOBAL_ACCENT_COLOR_NAME = AccentColor;
				CODE_SIGN_STYLE = Automatic;
				INFOPLIST_FILE = RemoteConfigTests/Info.plist;
				LD_RUNPATH_SEARCH_PATHS = (
					"$(inherited)",
					"@executable_path/Frameworks",
				);
				PRODUCT_BUNDLE_IDENTIFIER = com.adatech.RemoteConfigTests;
				PRODUCT_NAME = "$(TARGET_NAME)";
				SWIFT_VERSION = 5.0;
				TARGETED_DEVICE_FAMILY = "1,2";
			};
			name = Release;
		};
/* End XCBuildConfiguration section */

/* Begin XCConfigurationList section */
		E9D29E5F251F6F0100B5216C /* Build configuration list for PBXProject "RemoteConfigTests" */ = {
			isa = XCConfigurationList;
			buildConfigurations = (
				E9D29E76251F6F0200B5216C /* Debug */,
				E9D29E77251F6F0200B5216C /* Release */,
			);
			defaultConfigurationIsVisible = 0;
			defaultConfigurationName = Release;
		};
		E9D29E78251F6F0200B5216C /* Build configuration list for PBXNativeTarget "RemoteConfigTests" */ = {
			isa = XCConfigurationList;
			buildConfigurations = (
				E9D29E79251F6F0200B5216C /* Debug */,
				E9D29E7A251F6F0200B5216C /* Release */,
			);
			defaultConfigurationIsVisible = 0;
			defaultConfigurationName = Release;
		};
/* End XCConfigurationList section */
	};
	rootObject = E9D29E5C251F6F0100B5216C /* Project object */;
}
